{
  "name": "using-domains",
  "version": "1.0.0",
  "lockfileVersion": 3,
  "requires": true,
  "packages": {
    "": {
      "name": "using-domains",
      "version": "1.0.0",
      "license": "MIT",
      "dependencies": {
        "config": "^3.3.12",
        "raygun": "file:../.."
      }
    },
    "../..": {
      "name": "raygun",
      "version": "1.2.0",
      "dependencies": {
        "@types/express": "^4.17.21",
        "debug": "^4.3.4",
        "stack-trace": "0.0.10",
        "uuid": "^10.0.0"
      },
      "devDependencies": {
        "@eslint/js": "^9.2.0",
        "@stylistic/eslint-plugin": "^2.0.0",
        "@stylistic/eslint-plugin-ts": "^2.0.0",
        "@types/node": "^20.12.8",
        "@types/stack-trace": "0.0.33",
        "@types/uuid": "^10.0.0",
        "eslint": "^8.57.0",
        "express": "^4.19.2",
        "http-terminator": "^3.2.0",
        "jshint": "^2.13.6",
        "nock": "~13",
        "prettier": "^3.2.5",
        "semver": "^7.6.0",
        "tap": "^19.0.2",
        "ts-node": "^10.9.2",
        "typescript": "^5.4.5",
        "typescript-eslint": "^7.8.0",
        "verror": "^1.10.1"
      },
      "engines": {
        "node": ">= 0.10.0"
      }
    },
    "node_modules/config": {
      "version": "3.3.12",
      "resolved": "https://registry.npmjs.org/config/-/config-3.3.12.tgz",
      "integrity": "sha512-Vmx389R/QVM3foxqBzXO8t2tUikYZP64Q6vQxGrsMpREeJc/aWRnPRERXWsYzOHAumx/AOoILWe6nU3ZJL+6Sw==",
      "dependencies": {
        "json5": "^2.2.3"
      },
      "engines": {
        "node": ">= 10.0.0"
      }
    },
    "node_modules/json5": {
      "version": "2.2.3",
      "resolved": "https://registry.npmjs.org/json5/-/json5-2.2.3.tgz",
      "integrity": "sha512-XmOWe7eyHYH14cLdVPoyg+GOH3rYX++KpzrylJwSW98t3Nk+U8XOl8FWKOgwtzdb8lXGf6zYwDUzeHMWfxasyg==",
      "bin": {
        "json5": "lib/cli.js"
      },
      "engines": {
        "node": ">=6"
      }
    },
    "node_modules/raygun": {
      "resolved": "../..",
      "link": true
    }
  }
}
