{
  "name": "using-domains",
  "version": "1.0.0",
  "lockfileVersion": 3,
  "requires": true,
  "packages": {
    "": {
      "name": "using-domains",
      "version": "1.0.0",
      "license": "MIT",
      "dependencies": {
        "config": "^4.1.1",
        "raygun": "file:../.."
      }
    },
    "../..": {
      "name": "raygun",
      "version": "2.1.2",
      "dependencies": {
        "@types/express": "^5.0.0",
        "debug": "^4.3.4",
        "stack-trace": "0.0.10",
        "uuid": "^13.0.0"
      },
      "devDependencies": {
        "@eslint/js": "^9.2.0",
        "@stylistic/eslint-plugin": "^5.1.0",
        "@stylistic/eslint-plugin-ts": "^4.1.0",
        "@types/node": "^24.0.8",
        "@types/stack-trace": "0.0.33",
        "@types/uuid": "^10.0.0",
        "eslint": "^9.16.0",
        "eslint-plugin-tsdoc": "^0.5.0",
        "express": "^5.1.0",
        "http-terminator": "^3.2.0",
        "jshint": "^2.13.6",
        "nock": "~14",
        "prettier": "^3.2.5",
        "semver": "^7.6.0",
        "tap": "^21.1.0",
        "ts-node": "^10.9.2",
        "typescript": "^5.9.2",
        "typescript-eslint": "^8.39.0",
        "verror": "^1.10.1"
      },
      "engines": {
        "node": ">= 0.10.0"
      }
    },
    "node_modules/config": {
      "version": "4.1.1",
      "resolved": "https://registry.npmjs.org/config/-/config-4.1.1.tgz",
      "integrity": "sha512-jljfwqNZ7QHwAW9Z9NDZdJARFiu5pjLqQO0K4ooY22iY/bIY78n0afI4ANEawfgQOxri0K/3oTayX8XIauWcLA==",
      "license": "MIT",
      "dependencies": {
        "json5": "^2.2.3"
      },
      "engines": {
        "node": ">= 20.0.0"
      }
    },
    "node_modules/json5": {
      "version": "2.2.3",
      "resolved": "https://registry.npmjs.org/json5/-/json5-2.2.3.tgz",
      "integrity": "sha512-XmOWe7eyHYH14cLdVPoyg+GOH3rYX++KpzrylJwSW98t3Nk+U8XOl8FWKOgwtzdb8lXGf6zYwDUzeHMWfxasyg==",
      "bin": {
        "json5": "lib/cli.js"
      },
      "engines": {
        "node": ">=6"
      }
    },
    "node_modules/raygun": {
      "resolved": "../..",
      "link": true
    }
  }
}
